// !$*UTF8*$!
{
	archiveVersion = 1;
	classes = {
	};
	objectVersion = 46;
	objects = {

/* Begin PBXBuildFile section */
		360F5CC41608A7F30044F43B /* AFHTTPClient.m in Sources */ = {isa = PBXBuildFile; fileRef = 360F5C7E1608A7F30044F43B /* AFHTTPClient.m */; };
		360F5CC51608A7F30044F43B /* AFHTTPRequestOperation.m in Sources */ = {isa = PBXBuildFile; fileRef = 360F5C801608A7F30044F43B /* AFHTTPRequestOperation.m */; };
		360F5CC61608A7F30044F43B /* AFImageRequestOperation.m in Sources */ = {isa = PBXBuildFile; fileRef = 360F5C821608A7F30044F43B /* AFImageRequestOperation.m */; };
		360F5CC71608A7F30044F43B /* AFJSONRequestOperation.m in Sources */ = {isa = PBXBuildFile; fileRef = 360F5C841608A7F30044F43B /* AFJSONRequestOperation.m */; };
		360F5CC81608A7F30044F43B /* AFJSONUtilities.m in Sources */ = {isa = PBXBuildFile; fileRef = 360F5C861608A7F30044F43B /* AFJSONUtilities.m */; };
		360F5CC91608A7F30044F43B /* AFNetworkActivityIndicatorManager.m in Sources */ = {isa = PBXBuildFile; fileRef = 360F5C881608A7F30044F43B /* AFNetworkActivityIndicatorManager.m */; };
		360F5CCA1608A7F30044F43B /* AFPropertyListRequestOperation.m in Sources */ = {isa = PBXBuildFile; fileRef = 360F5C8B1608A7F30044F43B /* AFPropertyListRequestOperation.m */; };
		360F5CCB1608A7F30044F43B /* AFURLConnectionOperation.m in Sources */ = {isa = PBXBuildFile; fileRef = 360F5C8D1608A7F30044F43B /* AFURLConnectionOperation.m */; };
		360F5CCC1608A7F30044F43B /* AFXMLRequestOperation.m in Sources */ = {isa = PBXBuildFile; fileRef = 360F5C8F1608A7F30044F43B /* AFXMLRequestOperation.m */; };
		360F5CCD1608A7F30044F43B /* UIImageView+AFNetworking.m in Sources */ = {isa = PBXBuildFile; fileRef = 360F5C911608A7F30044F43B /* UIImageView+AFNetworking.m */; };
		360F5D181608AF500044F43B /* QuestionEntity.m in Sources */ = {isa = PBXBuildFile; fileRef = 360F5D171608AF500044F43B /* QuestionEntity.m */; };
		360F5D1B1608AF5E0044F43B /* AnswerEntity.m in Sources */ = {isa = PBXBuildFile; fileRef = 360F5D1A1608AF5E0044F43B /* AnswerEntity.m */; };
		360F5D321608B7F70044F43B /* SongInfoEntity.m in Sources */ = {isa = PBXBuildFile; fileRef = 360F5D311608B7F60044F43B /* SongInfoEntity.m */; };
		361B6347160898BC00D6A88D /* UIKit.framework in Frameworks */ = {isa = PBXBuildFile; fileRef = 361B6346160898BC00D6A88D /* UIKit.framework */; };
		361B6349160898BC00D6A88D /* Foundation.framework in Frameworks */ = {isa = PBXBuildFile; fileRef = 361B6348160898BC00D6A88D /* Foundation.framework */; };
		361B634B160898BC00D6A88D /* CoreGraphics.framework in Frameworks */ = {isa = PBXBuildFile; fileRef = 361B634A160898BC00D6A88D /* CoreGraphics.framework */; };
		361B634D160898BC00D6A88D /* CoreData.framework in Frameworks */ = {isa = PBXBuildFile; fileRef = 361B634C160898BC00D6A88D /* CoreData.framework */; };
		361B6353160898BC00D6A88D /* InfoPlist.strings in Resources */ = {isa = PBXBuildFile; fileRef = 361B6351160898BC00D6A88D /* InfoPlist.strings */; };
		361B6355160898BC00D6A88D /* main.m in Sources */ = {isa = PBXBuildFile; fileRef = 361B6354160898BC00D6A88D /* main.m */; };
		361B6359160898BC00D6A88D /* AppDelegate.m in Sources */ = {isa = PBXBuildFile; fileRef = 361B6358160898BC00D6A88D /* AppDelegate.m */; };
		361B635C160898BC00D6A88D /* worldHackBacerlona.xcdatamodeld in Sources */ = {isa = PBXBuildFile; fileRef = 361B635A160898BC00D6A88D /* worldHackBacerlona.xcdatamodeld */; };
		361B636816089F3E00D6A88D /* LoginVC.m in Sources */ = {isa = PBXBuildFile; fileRef = 361B636616089F3E00D6A88D /* LoginVC.m */; };
		361B636916089F3E00D6A88D /* LoginVC.xib in Resources */ = {isa = PBXBuildFile; fileRef = 361B636716089F3E00D6A88D /* LoginVC.xib */; };
		361B636D16089F6E00D6A88D /* GameVC.m in Sources */ = {isa = PBXBuildFile; fileRef = 361B636B16089F6E00D6A88D /* GameVC.m */; };
		361B636E16089F6E00D6A88D /* GameVC.xib in Resources */ = {isa = PBXBuildFile; fileRef = 361B636C16089F6E00D6A88D /* GameVC.xib */; };
		361B637216089F7E00D6A88D /* ResultVC.m in Sources */ = {isa = PBXBuildFile; fileRef = 361B637016089F7E00D6A88D /* ResultVC.m */; };
		361B637316089F7E00D6A88D /* ResultVC.xib in Resources */ = {isa = PBXBuildFile; fileRef = 361B637116089F7E00D6A88D /* ResultVC.xib */; };
		361B637616089FB900D6A88D /* GameService.m in Sources */ = {isa = PBXBuildFile; fileRef = 361B637516089FB900D6A88D /* GameService.m */; };
		362A00D91608C7E00004F9AC /* JSONKit.m in Sources */ = {isa = PBXBuildFile; fileRef = 362A00D81608C7E00004F9AC /* JSONKit.m */; };
		362A03101608D00E0004F9AC /* AVFoundation.framework in Frameworks */ = {isa = PBXBuildFile; fileRef = 362A030F1608D00E0004F9AC /* AVFoundation.framework */; };
		CD89957C1608A1B00024C6A9 /* WelcomeViewController.m in Sources */ = {isa = PBXBuildFile; fileRef = CD89957A1608A1B00024C6A9 /* WelcomeViewController.m */; };
		CD89957D1608A1B00024C6A9 /* WelcomeViewController.xib in Resources */ = {isa = PBXBuildFile; fileRef = CD89957B1608A1B00024C6A9 /* WelcomeViewController.xib */; };
		CD8995911608A4B10024C6A9 /* Facebook.m in Sources */ = {isa = PBXBuildFile; fileRef = CD8995841608A4B10024C6A9 /* Facebook.m */; };
		CD8995921608A4B10024C6A9 /* FBDialog.bundle in Resources */ = {isa = PBXBuildFile; fileRef = CD8995871608A4B10024C6A9 /* FBDialog.bundle */; };
		CD8995931608A4B10024C6A9 /* FBDialog.m in Sources */ = {isa = PBXBuildFile; fileRef = CD8995891608A4B10024C6A9 /* FBDialog.m */; };
		CD8995941608A4B10024C6A9 /* FBLoginDialog.m in Sources */ = {isa = PBXBuildFile; fileRef = CD89958B1608A4B10024C6A9 /* FBLoginDialog.m */; };
		CD8995951608A4B10024C6A9 /* FBRequest.m in Sources */ = {isa = PBXBuildFile; fileRef = CD89958D1608A4B10024C6A9 /* FBRequest.m */; };
		CD8995AA1608A5290024C6A9 /* MBProgressHUD.m in Sources */ = {isa = PBXBuildFile; fileRef = CD89959B1608A5290024C6A9 /* MBProgressHUD.m */; };
		CD8995AB1608A5290024C6A9 /* NSObject+SBJSON.m in Sources */ = {isa = PBXBuildFile; fileRef = CD89959F1608A5290024C6A9 /* NSObject+SBJSON.m */; };
		CD8995AC1608A5290024C6A9 /* NSString+SBJSON.m in Sources */ = {isa = PBXBuildFile; fileRef = CD8995A11608A5290024C6A9 /* NSString+SBJSON.m */; };
		CD8995AD1608A5290024C6A9 /* SBJSON.m in Sources */ = {isa = PBXBuildFile; fileRef = CD8995A31608A5290024C6A9 /* SBJSON.m */; };
		CD8995AE1608A5290024C6A9 /* SBJsonBase.m in Sources */ = {isa = PBXBuildFile; fileRef = CD8995A51608A5290024C6A9 /* SBJsonBase.m */; };
		CD8995AF1608A5290024C6A9 /* SBJsonParser.m in Sources */ = {isa = PBXBuildFile; fileRef = CD8995A71608A5290024C6A9 /* SBJsonParser.m */; };
		CD8995B01608A5290024C6A9 /* SBJsonWriter.m in Sources */ = {isa = PBXBuildFile; fileRef = CD8995A91608A5290024C6A9 /* SBJsonWriter.m */; };
		CD8995D41608B8BE0024C6A9 /* QuestionCell.m in Sources */ = {isa = PBXBuildFile; fileRef = CD8995D31608B8BE0024C6A9 /* QuestionCell.m */; };
		CD8995D61608B8D50024C6A9 /* QuestionCell.xib in Resources */ = {isa = PBXBuildFile; fileRef = CD8995D51608B8D50024C6A9 /* QuestionCell.xib */; };
/* End PBXBuildFile section */

/* Begin PBXContainerItemProxy section */
		CD8995971608A4B10024C6A9 /* PBXContainerItemProxy */ = {
			isa = PBXContainerItemProxy;
			containerPortal = CD8995801608A4B10024C6A9 /* facebook-ios-sdk.xcodeproj */;
			proxyType = 2;
			remoteGlobalIDString = D2AAC07E0554694100DB518D;
			remoteInfo = "facebook-ios-sdk";
		};
/* End PBXContainerItemProxy section */

/* Begin PBXFileReference section */
		360F5C7D1608A7F30044F43B /* AFHTTPClient.h */ = {isa = PBXFileReference; fileEncoding = 4; lastKnownFileType = sourcecode.c.h; path = AFHTTPClient.h; sourceTree = "<group>"; };
		360F5C7E1608A7F30044F43B /* AFHTTPClient.m */ = {isa = PBXFileReference; fileEncoding = 4; lastKnownFileType = sourcecode.c.objc; path = AFHTTPClient.m; sourceTree = "<group>"; };
		360F5C7F1608A7F30044F43B /* AFHTTPRequestOperation.h */ = {isa = PBXFileReference; fileEncoding = 4; lastKnownFileType = sourcecode.c.h; path = AFHTTPRequestOperation.h; sourceTree = "<group>"; };
		360F5C801608A7F30044F43B /* AFHTTPRequestOperation.m */ = {isa = PBXFileReference; fileEncoding = 4; lastKnownFileType = sourcecode.c.objc; path = AFHTTPRequestOperation.m; sourceTree = "<group>"; };
		360F5C811608A7F30044F43B /* AFImageRequestOperation.h */ = {isa = PBXFileReference; fileEncoding = 4; lastKnownFileType = sourcecode.c.h; path = AFImageRequestOperation.h; sourceTree = "<group>"; };
		360F5C821608A7F30044F43B /* AFImageRequestOperation.m */ = {isa = PBXFileReference; fileEncoding = 4; lastKnownFileType = sourcecode.c.objc; path = AFImageRequestOperation.m; sourceTree = "<group>"; };
		360F5C831608A7F30044F43B /* AFJSONRequestOperation.h */ = {isa = PBXFileReference; fileEncoding = 4; lastKnownFileType = sourcecode.c.h; path = AFJSONRequestOperation.h; sourceTree = "<group>"; };
		360F5C841608A7F30044F43B /* AFJSONRequestOperation.m */ = {isa = PBXFileReference; fileEncoding = 4; lastKnownFileType = sourcecode.c.objc; path = AFJSONRequestOperation.m; sourceTree = "<group>"; };
		360F5C851608A7F30044F43B /* AFJSONUtilities.h */ = {isa = PBXFileReference; fileEncoding = 4; lastKnownFileType = sourcecode.c.h; path = AFJSONUtilities.h; sourceTree = "<group>"; };
		360F5C861608A7F30044F43B /* AFJSONUtilities.m */ = {isa = PBXFileReference; fileEncoding = 4; lastKnownFileType = sourcecode.c.objc; path = AFJSONUtilities.m; sourceTree = "<group>"; };
		360F5C871608A7F30044F43B /* AFNetworkActivityIndicatorManager.h */ = {isa = PBXFileReference; fileEncoding = 4; lastKnownFileType = sourcecode.c.h; path = AFNetworkActivityIndicatorManager.h; sourceTree = "<group>"; };
		360F5C881608A7F30044F43B /* AFNetworkActivityIndicatorManager.m */ = {isa = PBXFileReference; fileEncoding = 4; lastKnownFileType = sourcecode.c.objc; path = AFNetworkActivityIndicatorManager.m; sourceTree = "<group>"; };
		360F5C891608A7F30044F43B /* AFNetworking.h */ = {isa = PBXFileReference; fileEncoding = 4; lastKnownFileType = sourcecode.c.h; path = AFNetworking.h; sourceTree = "<group>"; };
		360F5C8A1608A7F30044F43B /* AFPropertyListRequestOperation.h */ = {isa = PBXFileReference; fileEncoding = 4; lastKnownFileType = sourcecode.c.h; path = AFPropertyListRequestOperation.h; sourceTree = "<group>"; };
		360F5C8B1608A7F30044F43B /* AFPropertyListRequestOperation.m */ = {isa = PBXFileReference; fileEncoding = 4; lastKnownFileType = sourcecode.c.objc; path = AFPropertyListRequestOperation.m; sourceTree = "<group>"; };
		360F5C8C1608A7F30044F43B /* AFURLConnectionOperation.h */ = {isa = PBXFileReference; fileEncoding = 4; lastKnownFileType = sourcecode.c.h; path = AFURLConnectionOperation.h; sourceTree = "<group>"; };
		360F5C8D1608A7F30044F43B /* AFURLConnectionOperation.m */ = {isa = PBXFileReference; fileEncoding = 4; lastKnownFileType = sourcecode.c.objc; path = AFURLConnectionOperation.m; sourceTree = "<group>"; };
		360F5C8E1608A7F30044F43B /* AFXMLRequestOperation.h */ = {isa = PBXFileReference; fileEncoding = 4; lastKnownFileType = sourcecode.c.h; path = AFXMLRequestOperation.h; sourceTree = "<group>"; };
		360F5C8F1608A7F30044F43B /* AFXMLRequestOperation.m */ = {isa = PBXFileReference; fileEncoding = 4; lastKnownFileType = sourcecode.c.objc; path = AFXMLRequestOperation.m; sourceTree = "<group>"; };
		360F5C901608A7F30044F43B /* UIImageView+AFNetworking.h */ = {isa = PBXFileReference; fileEncoding = 4; lastKnownFileType = sourcecode.c.h; path = "UIImageView+AFNetworking.h"; sourceTree = "<group>"; };
		360F5C911608A7F30044F43B /* UIImageView+AFNetworking.m */ = {isa = PBXFileReference; fileEncoding = 4; lastKnownFileType = sourcecode.c.objc; path = "UIImageView+AFNetworking.m"; sourceTree = "<group>"; };
		360F5D161608AF500044F43B /* QuestionEntity.h */ = {isa = PBXFileReference; fileEncoding = 4; lastKnownFileType = sourcecode.c.h; name = QuestionEntity.h; path = Classes/BLL/QuestionEntity.h; sourceTree = "<group>"; };
		360F5D171608AF500044F43B /* QuestionEntity.m */ = {isa = PBXFileReference; fileEncoding = 4; lastKnownFileType = sourcecode.c.objc; name = QuestionEntity.m; path = Classes/BLL/QuestionEntity.m; sourceTree = "<group>"; };
		360F5D191608AF5E0044F43B /* AnswerEntity.h */ = {isa = PBXFileReference; fileEncoding = 4; lastKnownFileType = sourcecode.c.h; path = AnswerEntity.h; sourceTree = "<group>"; };
		360F5D1A1608AF5E0044F43B /* AnswerEntity.m */ = {isa = PBXFileReference; fileEncoding = 4; lastKnownFileType = sourcecode.c.objc; path = AnswerEntity.m; sourceTree = "<group>"; };
		360F5D301608B7F60044F43B /* SongInfoEntity.h */ = {isa = PBXFileReference; fileEncoding = 4; lastKnownFileType = sourcecode.c.h; name = SongInfoEntity.h; path = Classes/BLL/SongInfoEntity.h; sourceTree = "<group>"; };
		360F5D311608B7F60044F43B /* SongInfoEntity.m */ = {isa = PBXFileReference; fileEncoding = 4; lastKnownFileType = sourcecode.c.objc; name = SongInfoEntity.m; path = Classes/BLL/SongInfoEntity.m; sourceTree = "<group>"; };
		361B6342160898BC00D6A88D /* worldHackBacerlona.app */ = {isa = PBXFileReference; explicitFileType = wrapper.application; includeInIndex = 0; path = worldHackBacerlona.app; sourceTree = BUILT_PRODUCTS_DIR; };
		361B6346160898BC00D6A88D /* UIKit.framework */ = {isa = PBXFileReference; lastKnownFileType = wrapper.framework; name = UIKit.framework; path = System/Library/Frameworks/UIKit.framework; sourceTree = SDKROOT; };
		361B6348160898BC00D6A88D /* Foundation.framework */ = {isa = PBXFileReference; lastKnownFileType = wrapper.framework; name = Foundation.framework; path = System/Library/Frameworks/Foundation.framework; sourceTree = SDKROOT; };
		361B634A160898BC00D6A88D /* CoreGraphics.framework */ = {isa = PBXFileReference; lastKnownFileType = wrapper.framework; name = CoreGraphics.framework; path = System/Library/Frameworks/CoreGraphics.framework; sourceTree = SDKROOT; };
		361B634C160898BC00D6A88D /* CoreData.framework */ = {isa = PBXFileReference; lastKnownFileType = wrapper.framework; name = CoreData.framework; path = System/Library/Frameworks/CoreData.framework; sourceTree = SDKROOT; };
		361B6350160898BC00D6A88D /* worldHackBacerlona-Info.plist */ = {isa = PBXFileReference; lastKnownFileType = text.plist.xml; path = "worldHackBacerlona-Info.plist"; sourceTree = "<group>"; };
		361B6352160898BC00D6A88D /* en */ = {isa = PBXFileReference; lastKnownFileType = text.plist.strings; name = en; path = en.lproj/InfoPlist.strings; sourceTree = "<group>"; };
		361B6354160898BC00D6A88D /* main.m */ = {isa = PBXFileReference; lastKnownFileType = sourcecode.c.objc; path = main.m; sourceTree = "<group>"; };
		361B6356160898BC00D6A88D /* worldHackBacerlona-Prefix.pch */ = {isa = PBXFileReference; lastKnownFileType = sourcecode.c.h; path = "worldHackBacerlona-Prefix.pch"; sourceTree = "<group>"; };
		361B6357160898BC00D6A88D /* AppDelegate.h */ = {isa = PBXFileReference; lastKnownFileType = sourcecode.c.h; path = AppDelegate.h; sourceTree = "<group>"; };
		361B6358160898BC00D6A88D /* AppDelegate.m */ = {isa = PBXFileReference; lastKnownFileType = sourcecode.c.objc; path = AppDelegate.m; sourceTree = "<group>"; };
		361B635B160898BC00D6A88D /* worldHackBacerlona.xcdatamodel */ = {isa = PBXFileReference; lastKnownFileType = wrapper.xcdatamodel; path = worldHackBacerlona.xcdatamodel; sourceTree = "<group>"; };
		361B636516089F3E00D6A88D /* LoginVC.h */ = {isa = PBXFileReference; fileEncoding = 4; lastKnownFileType = sourcecode.c.h; name = LoginVC.h; path = Classes/UI/LoginVC.h; sourceTree = "<group>"; };
		361B636616089F3E00D6A88D /* LoginVC.m */ = {isa = PBXFileReference; fileEncoding = 4; lastKnownFileType = sourcecode.c.objc; name = LoginVC.m; path = Classes/UI/LoginVC.m; sourceTree = "<group>"; };
		361B636716089F3E00D6A88D /* LoginVC.xib */ = {isa = PBXFileReference; fileEncoding = 4; lastKnownFileType = file.xib; name = LoginVC.xib; path = Classes/UI/LoginVC.xib; sourceTree = "<group>"; };
		361B636A16089F6E00D6A88D /* GameVC.h */ = {isa = PBXFileReference; fileEncoding = 4; lastKnownFileType = sourcecode.c.h; name = GameVC.h; path = Classes/UI/GameVC.h; sourceTree = "<group>"; };
		361B636B16089F6E00D6A88D /* GameVC.m */ = {isa = PBXFileReference; fileEncoding = 4; lastKnownFileType = sourcecode.c.objc; name = GameVC.m; path = Classes/UI/GameVC.m; sourceTree = "<group>"; };
		361B636C16089F6E00D6A88D /* GameVC.xib */ = {isa = PBXFileReference; fileEncoding = 4; lastKnownFileType = file.xib; name = GameVC.xib; path = Classes/UI/GameVC.xib; sourceTree = "<group>"; };
		361B636F16089F7E00D6A88D /* ResultVC.h */ = {isa = PBXFileReference; fileEncoding = 4; lastKnownFileType = sourcecode.c.h; name = ResultVC.h; path = Classes/UI/ResultVC.h; sourceTree = "<group>"; };
		361B637016089F7E00D6A88D /* ResultVC.m */ = {isa = PBXFileReference; fileEncoding = 4; lastKnownFileType = sourcecode.c.objc; name = ResultVC.m; path = Classes/UI/ResultVC.m; sourceTree = "<group>"; };
		361B637116089F7E00D6A88D /* ResultVC.xib */ = {isa = PBXFileReference; fileEncoding = 4; lastKnownFileType = file.xib; name = ResultVC.xib; path = Classes/UI/ResultVC.xib; sourceTree = "<group>"; };
		361B637416089FB900D6A88D /* GameService.h */ = {isa = PBXFileReference; fileEncoding = 4; lastKnownFileType = sourcecode.c.h; name = GameService.h; path = Classes/BLL/GameService.h; sourceTree = "<group>"; };
		361B637516089FB900D6A88D /* GameService.m */ = {isa = PBXFileReference; fileEncoding = 4; lastKnownFileType = sourcecode.c.objc; name = GameService.m; path = Classes/BLL/GameService.m; sourceTree = "<group>"; };
		362A00D71608C7E00004F9AC /* JSONKit.h */ = {isa = PBXFileReference; fileEncoding = 4; lastKnownFileType = sourcecode.c.h; path = JSONKit.h; sourceTree = "<group>"; };
		362A00D81608C7E00004F9AC /* JSONKit.m */ = {isa = PBXFileReference; fileEncoding = 4; lastKnownFileType = sourcecode.c.objc; path = JSONKit.m; sourceTree = "<group>"; };
		362A030F1608D00E0004F9AC /* AVFoundation.framework */ = {isa = PBXFileReference; lastKnownFileType = wrapper.framework; name = AVFoundation.framework; path = System/Library/Frameworks/AVFoundation.framework; sourceTree = SDKROOT; };
		CD8995791608A1B00024C6A9 /* WelcomeViewController.h */ = {isa = PBXFileReference; fileEncoding = 4; lastKnownFileType = sourcecode.c.h; name = WelcomeViewController.h; path = Classes/UI/WelcomeVC/WelcomeViewController.h; sourceTree = "<group>"; };
		CD89957A1608A1B00024C6A9 /* WelcomeViewController.m */ = {isa = PBXFileReference; fileEncoding = 4; lastKnownFileType = sourcecode.c.objc; name = WelcomeViewController.m; path = Classes/UI/WelcomeVC/WelcomeViewController.m; sourceTree = "<group>"; };
		CD89957B1608A1B00024C6A9 /* WelcomeViewController.xib */ = {isa = PBXFileReference; fileEncoding = 4; lastKnownFileType = file.xib; name = WelcomeViewController.xib; path = Classes/UI/WelcomeVC/WelcomeViewController.xib; sourceTree = "<group>"; };
		CD8995801608A4B10024C6A9 /* facebook-ios-sdk.xcodeproj */ = {isa = PBXFileReference; lastKnownFileType = "wrapper.pb-project"; path = "facebook-ios-sdk.xcodeproj"; sourceTree = "<group>"; };
		CD8995831608A4B10024C6A9 /* Facebook.h */ = {isa = PBXFileReference; fileEncoding = 4; lastKnownFileType = sourcecode.c.h; path = Facebook.h; sourceTree = "<group>"; };
		CD8995841608A4B10024C6A9 /* Facebook.m */ = {isa = PBXFileReference; fileEncoding = 4; lastKnownFileType = sourcecode.c.objc; path = Facebook.m; sourceTree = "<group>"; };
		CD8995851608A4B10024C6A9 /* facebook_ios_sdk_Prefix.pch */ = {isa = PBXFileReference; fileEncoding = 4; lastKnownFileType = sourcecode.c.h; path = facebook_ios_sdk_Prefix.pch; sourceTree = "<group>"; };
		CD8995861608A4B10024C6A9 /* FBConnect.h */ = {isa = PBXFileReference; fileEncoding = 4; lastKnownFileType = sourcecode.c.h; path = FBConnect.h; sourceTree = "<group>"; };
		CD8995871608A4B10024C6A9 /* FBDialog.bundle */ = {isa = PBXFileReference; lastKnownFileType = "wrapper.plug-in"; path = FBDialog.bundle; sourceTree = "<group>"; };
		CD8995881608A4B10024C6A9 /* FBDialog.h */ = {isa = PBXFileReference; fileEncoding = 4; lastKnownFileType = sourcecode.c.h; path = FBDialog.h; sourceTree = "<group>"; };
		CD8995891608A4B10024C6A9 /* FBDialog.m */ = {isa = PBXFileReference; fileEncoding = 4; lastKnownFileType = sourcecode.c.objc; path = FBDialog.m; sourceTree = "<group>"; };
		CD89958A1608A4B10024C6A9 /* FBLoginDialog.h */ = {isa = PBXFileReference; fileEncoding = 4; lastKnownFileType = sourcecode.c.h; path = FBLoginDialog.h; sourceTree = "<group>"; };
		CD89958B1608A4B10024C6A9 /* FBLoginDialog.m */ = {isa = PBXFileReference; fileEncoding = 4; lastKnownFileType = sourcecode.c.objc; path = FBLoginDialog.m; sourceTree = "<group>"; };
		CD89958C1608A4B10024C6A9 /* FBRequest.h */ = {isa = PBXFileReference; fileEncoding = 4; lastKnownFileType = sourcecode.c.h; path = FBRequest.h; sourceTree = "<group>"; };
		CD89958D1608A4B10024C6A9 /* FBRequest.m */ = {isa = PBXFileReference; fileEncoding = 4; lastKnownFileType = sourcecode.c.objc; path = FBRequest.m; sourceTree = "<group>"; };
		CD89959A1608A5290024C6A9 /* MBProgressHUD.h */ = {isa = PBXFileReference; fileEncoding = 4; lastKnownFileType = sourcecode.c.h; path = MBProgressHUD.h; sourceTree = "<group>"; };
		CD89959B1608A5290024C6A9 /* MBProgressHUD.m */ = {isa = PBXFileReference; fileEncoding = 4; lastKnownFileType = sourcecode.c.objc; path = MBProgressHUD.m; sourceTree = "<group>"; };
		CD89959D1608A5290024C6A9 /* JSON.h */ = {isa = PBXFileReference; fileEncoding = 4; lastKnownFileType = sourcecode.c.h; path = JSON.h; sourceTree = "<group>"; };
		CD89959E1608A5290024C6A9 /* NSObject+SBJSON.h */ = {isa = PBXFileReference; fileEncoding = 4; lastKnownFileType = sourcecode.c.h; path = "NSObject+SBJSON.h"; sourceTree = "<group>"; };
		CD89959F1608A5290024C6A9 /* NSObject+SBJSON.m */ = {isa = PBXFileReference; fileEncoding = 4; lastKnownFileType = sourcecode.c.objc; path = "NSObject+SBJSON.m"; sourceTree = "<group>"; };
		CD8995A01608A5290024C6A9 /* NSString+SBJSON.h */ = {isa = PBXFileReference; fileEncoding = 4; lastKnownFileType = sourcecode.c.h; path = "NSString+SBJSON.h"; sourceTree = "<group>"; };
		CD8995A11608A5290024C6A9 /* NSString+SBJSON.m */ = {isa = PBXFileReference; fileEncoding = 4; lastKnownFileType = sourcecode.c.objc; path = "NSString+SBJSON.m"; sourceTree = "<group>"; };
		CD8995A21608A5290024C6A9 /* SBJSON.h */ = {isa = PBXFileReference; fileEncoding = 4; lastKnownFileType = sourcecode.c.h; path = SBJSON.h; sourceTree = "<group>"; };
		CD8995A31608A5290024C6A9 /* SBJSON.m */ = {isa = PBXFileReference; fileEncoding = 4; lastKnownFileType = sourcecode.c.objc; path = SBJSON.m; sourceTree = "<group>"; };
		CD8995A41608A5290024C6A9 /* SBJsonBase.h */ = {isa = PBXFileReference; fileEncoding = 4; lastKnownFileType = sourcecode.c.h; path = SBJsonBase.h; sourceTree = "<group>"; };
		CD8995A51608A5290024C6A9 /* SBJsonBase.m */ = {isa = PBXFileReference; fileEncoding = 4; lastKnownFileType = sourcecode.c.objc; path = SBJsonBase.m; sourceTree = "<group>"; };
		CD8995A61608A5290024C6A9 /* SBJsonParser.h */ = {isa = PBXFileReference; fileEncoding = 4; lastKnownFileType = sourcecode.c.h; path = SBJsonParser.h; sourceTree = "<group>"; };
		CD8995A71608A5290024C6A9 /* SBJsonParser.m */ = {isa = PBXFileReference; fileEncoding = 4; lastKnownFileType = sourcecode.c.objc; path = SBJsonParser.m; sourceTree = "<group>"; };
		CD8995A81608A5290024C6A9 /* SBJsonWriter.h */ = {isa = PBXFileReference; fileEncoding = 4; lastKnownFileType = sourcecode.c.h; path = SBJsonWriter.h; sourceTree = "<group>"; };
		CD8995A91608A5290024C6A9 /* SBJsonWriter.m */ = {isa = PBXFileReference; fileEncoding = 4; lastKnownFileType = sourcecode.c.objc; path = SBJsonWriter.m; sourceTree = "<group>"; };
		CD8995D21608B8BE0024C6A9 /* QuestionCell.h */ = {isa = PBXFileReference; fileEncoding = 4; lastKnownFileType = sourcecode.c.h; name = QuestionCell.h; path = Classes/UI/Cells/QuestionCell.h; sourceTree = "<group>"; };
		CD8995D31608B8BE0024C6A9 /* QuestionCell.m */ = {isa = PBXFileReference; fileEncoding = 4; lastKnownFileType = sourcecode.c.objc; name = QuestionCell.m; path = Classes/UI/Cells/QuestionCell.m; sourceTree = "<group>"; };
		CD8995D51608B8D50024C6A9 /* QuestionCell.xib */ = {isa = PBXFileReference; fileEncoding = 4; lastKnownFileType = file.xib; name = QuestionCell.xib; path = Classes/UI/Cells/QuestionCell.xib; sourceTree = "<group>"; };
/* End PBXFileReference section */

/* Begin PBXFrameworksBuildPhase section */
		361B633F160898BC00D6A88D /* Frameworks */ = {
			isa = PBXFrameworksBuildPhase;
			buildActionMask = 2147483647;
			files = (
				362A03101608D00E0004F9AC /* AVFoundation.framework in Frameworks */,
				361B6347160898BC00D6A88D /* UIKit.framework in Frameworks */,
				361B6349160898BC00D6A88D /* Foundation.framework in Frameworks */,
				361B634B160898BC00D6A88D /* CoreGraphics.framework in Frameworks */,
				361B634D160898BC00D6A88D /* CoreData.framework in Frameworks */,
			);
			runOnlyForDeploymentPostprocessing = 0;
		};
/* End PBXFrameworksBuildPhase section */

/* Begin PBXGroup section */
		360F5C7B1608A7F30044F43B /* AFNetworking */ = {
			isa = PBXGroup;
			children = (
				360F5C7C1608A7F30044F43B /* AFNetworking */,
			);
			path = AFNetworking;
			sourceTree = "<group>";
		};
		360F5C7C1608A7F30044F43B /* AFNetworking */ = {
			isa = PBXGroup;
			children = (
				360F5C7D1608A7F30044F43B /* AFHTTPClient.h */,
				360F5C7E1608A7F30044F43B /* AFHTTPClient.m */,
				360F5C7F1608A7F30044F43B /* AFHTTPRequestOperation.h */,
				360F5C801608A7F30044F43B /* AFHTTPRequestOperation.m */,
				360F5C811608A7F30044F43B /* AFImageRequestOperation.h */,
				360F5C821608A7F30044F43B /* AFImageRequestOperation.m */,
				360F5C831608A7F30044F43B /* AFJSONRequestOperation.h */,
				360F5C841608A7F30044F43B /* AFJSONRequestOperation.m */,
				360F5C851608A7F30044F43B /* AFJSONUtilities.h */,
				360F5C861608A7F30044F43B /* AFJSONUtilities.m */,
				360F5C871608A7F30044F43B /* AFNetworkActivityIndicatorManager.h */,
				360F5C881608A7F30044F43B /* AFNetworkActivityIndicatorManager.m */,
				360F5C891608A7F30044F43B /* AFNetworking.h */,
				360F5C8A1608A7F30044F43B /* AFPropertyListRequestOperation.h */,
				360F5C8B1608A7F30044F43B /* AFPropertyListRequestOperation.m */,
				360F5C8C1608A7F30044F43B /* AFURLConnectionOperation.h */,
				360F5C8D1608A7F30044F43B /* AFURLConnectionOperation.m */,
				360F5C8E1608A7F30044F43B /* AFXMLRequestOperation.h */,
				360F5C8F1608A7F30044F43B /* AFXMLRequestOperation.m */,
				360F5C901608A7F30044F43B /* UIImageView+AFNetworking.h */,
				360F5C911608A7F30044F43B /* UIImageView+AFNetworking.m */,
			);
			path = AFNetworking;
			sourceTree = "<group>";
		};
		361B6337160898BC00D6A88D = {
			isa = PBXGroup;
			children = (
				362A030F1608D00E0004F9AC /* AVFoundation.framework */,
				361B634E160898BC00D6A88D /* worldHackBacerlona */,
				361B6345160898BC00D6A88D /* Frameworks */,
				361B6343160898BC00D6A88D /* Products */,
			);
			sourceTree = "<group>";
		};
		361B6343160898BC00D6A88D /* Products */ = {
			isa = PBXGroup;
			children = (
				361B6342160898BC00D6A88D /* worldHackBacerlona.app */,
			);
			name = Products;
			sourceTree = "<group>";
		};
		361B6345160898BC00D6A88D /* Frameworks */ = {
			isa = PBXGroup;
			children = (
				361B6346160898BC00D6A88D /* UIKit.framework */,
				361B6348160898BC00D6A88D /* Foundation.framework */,
				361B634A160898BC00D6A88D /* CoreGraphics.framework */,
				361B634C160898BC00D6A88D /* CoreData.framework */,
			);
			name = Frameworks;
			sourceTree = "<group>";
		};
		361B634E160898BC00D6A88D /* worldHackBacerlona */ = {
			isa = PBXGroup;
			children = (
				361B636216089F0300D6A88D /* Classes */,
				361B6357160898BC00D6A88D /* AppDelegate.h */,
				361B6358160898BC00D6A88D /* AppDelegate.m */,
				361B635A160898BC00D6A88D /* worldHackBacerlona.xcdatamodeld */,
				361B634F160898BC00D6A88D /* Supporting Files */,
			);
			path = worldHackBacerlona;
			sourceTree = "<group>";
		};
		361B634F160898BC00D6A88D /* Supporting Files */ = {
			isa = PBXGroup;
			children = (
				361B6350160898BC00D6A88D /* worldHackBacerlona-Info.plist */,
				361B6351160898BC00D6A88D /* InfoPlist.strings */,
				361B6354160898BC00D6A88D /* main.m */,
				361B6356160898BC00D6A88D /* worldHackBacerlona-Prefix.pch */,
			);
			name = "Supporting Files";
			sourceTree = "<group>";
		};
		361B636216089F0300D6A88D /* Classes */ = {
			isa = PBXGroup;
			children = (
				361B636316089F0900D6A88D /* UI */,
				361B636416089F1600D6A88D /* BLL */,
			);
			name = Classes;
			sourceTree = "<group>";
		};
		361B636316089F0900D6A88D /* UI */ = {
			isa = PBXGroup;
			children = (
				CD8995D11608B8970024C6A9 /* Cells */,
				CD8995781608A18D0024C6A9 /* WelcomeVC */,
				361B636516089F3E00D6A88D /* LoginVC.h */,
				361B636616089F3E00D6A88D /* LoginVC.m */,
				361B636716089F3E00D6A88D /* LoginVC.xib */,
				361B636A16089F6E00D6A88D /* GameVC.h */,
				361B636B16089F6E00D6A88D /* GameVC.m */,
				361B636C16089F6E00D6A88D /* GameVC.xib */,
				361B636F16089F7E00D6A88D /* ResultVC.h */,
				361B637016089F7E00D6A88D /* ResultVC.m */,
				361B637116089F7E00D6A88D /* ResultVC.xib */,
			);
			name = UI;
			sourceTree = "<group>";
		};
		361B636416089F1600D6A88D /* BLL */ = {
			isa = PBXGroup;
			children = (
				CD89957E1608A4B10024C6A9 /* Libs */,
				361B637416089FB900D6A88D /* GameService.h */,
				361B637516089FB900D6A88D /* GameService.m */,
				360F5D161608AF500044F43B /* QuestionEntity.h */,
				360F5D171608AF500044F43B /* QuestionEntity.m */,
				360F5D191608AF5E0044F43B /* AnswerEntity.h */,
				360F5D1A1608AF5E0044F43B /* AnswerEntity.m */,
				360F5D301608B7F60044F43B /* SongInfoEntity.h */,
				360F5D311608B7F60044F43B /* SongInfoEntity.m */,
			);
			name = BLL;
			sourceTree = "<group>";
		};
		362A00D61608C7E00004F9AC /* JSONKit */ = {
			isa = PBXGroup;
			children = (
				362A00D71608C7E00004F9AC /* JSONKit.h */,
				362A00D81608C7E00004F9AC /* JSONKit.m */,
			);
			path = JSONKit;
			sourceTree = "<group>";
		};
		CD8995781608A18D0024C6A9 /* WelcomeVC */ = {
			isa = PBXGroup;
			children = (
				CD8995791608A1B00024C6A9 /* WelcomeViewController.h */,
				CD89957A1608A1B00024C6A9 /* WelcomeViewController.m */,
				CD89957B1608A1B00024C6A9 /* WelcomeViewController.xib */,
			);
			name = WelcomeVC;
			sourceTree = "<group>";
		};
		CD89957E1608A4B10024C6A9 /* Libs */ = {
			isa = PBXGroup;
			children = (
				362A00D61608C7E00004F9AC /* JSONKit */,
				360F5C7B1608A7F30044F43B /* AFNetworking */,
				CD8995991608A5290024C6A9 /* MBProgressHUD */,
				CD89959C1608A5290024C6A9 /* JSON */,
				CD89957F1608A4B10024C6A9 /* facebook */,
			);
			name = Libs;
			path = Classes/BLL/Libs;
			sourceTree = "<group>";
		};
		CD89957F1608A4B10024C6A9 /* facebook */ = {
			isa = PBXGroup;
			children = (
				CD8995801608A4B10024C6A9 /* facebook-ios-sdk.xcodeproj */,
				CD8995831608A4B10024C6A9 /* Facebook.h */,
				CD8995841608A4B10024C6A9 /* Facebook.m */,
				CD8995851608A4B10024C6A9 /* facebook_ios_sdk_Prefix.pch */,
				CD8995861608A4B10024C6A9 /* FBConnect.h */,
				CD8995871608A4B10024C6A9 /* FBDialog.bundle */,
				CD8995881608A4B10024C6A9 /* FBDialog.h */,
				CD8995891608A4B10024C6A9 /* FBDialog.m */,
				CD89958A1608A4B10024C6A9 /* FBLoginDialog.h */,
				CD89958B1608A4B10024C6A9 /* FBLoginDialog.m */,
				CD89958C1608A4B10024C6A9 /* FBRequest.h */,
				CD89958D1608A4B10024C6A9 /* FBRequest.m */,
			);
			path = facebook;
			sourceTree = "<group>";
		};
		CD8995811608A4B10024C6A9 /* Products */ = {
			isa = PBXGroup;
			children = (
				CD8995981608A4B10024C6A9 /* libfacebook_ios_sdk.a */,
			);
			name = Products;
			sourceTree = "<group>";
		};
		CD8995991608A5290024C6A9 /* MBProgressHUD */ = {
			isa = PBXGroup;
			children = (
				CD89959A1608A5290024C6A9 /* MBProgressHUD.h */,
				CD89959B1608A5290024C6A9 /* MBProgressHUD.m */,
			);
			path = MBProgressHUD;
			sourceTree = "<group>";
		};
		CD89959C1608A5290024C6A9 /* JSON */ = {
			isa = PBXGroup;
			children = (
				CD89959D1608A5290024C6A9 /* JSON.h */,
				CD89959E1608A5290024C6A9 /* NSObject+SBJSON.h */,
				CD89959F1608A5290024C6A9 /* NSObject+SBJSON.m */,
				CD8995A01608A5290024C6A9 /* NSString+SBJSON.h */,
				CD8995A11608A5290024C6A9 /* NSString+SBJSON.m */,
				CD8995A21608A5290024C6A9 /* SBJSON.h */,
				CD8995A31608A5290024C6A9 /* SBJSON.m */,
				CD8995A41608A5290024C6A9 /* SBJsonBase.h */,
				CD8995A51608A5290024C6A9 /* SBJsonBase.m */,
				CD8995A61608A5290024C6A9 /* SBJsonParser.h */,
				CD8995A71608A5290024C6A9 /* SBJsonParser.m */,
				CD8995A81608A5290024C6A9 /* SBJsonWriter.h */,
				CD8995A91608A5290024C6A9 /* SBJsonWriter.m */,
			);
			path = JSON;
			sourceTree = "<group>";
		};
		CD8995D11608B8970024C6A9 /* Cells */ = {
			isa = PBXGroup;
			children = (
				CD8995D21608B8BE0024C6A9 /* QuestionCell.h */,
				CD8995D31608B8BE0024C6A9 /* QuestionCell.m */,
				CD8995D51608B8D50024C6A9 /* QuestionCell.xib */,
			);
			name = Cells;
			sourceTree = "<group>";
		};
/* End PBXGroup section */

/* Begin PBXNativeTarget section */
		361B6341160898BC00D6A88D /* worldHackBacerlona */ = {
			isa = PBXNativeTarget;
			buildConfigurationList = 361B635F160898BC00D6A88D /* Build configuration list for PBXNativeTarget "worldHackBacerlona" */;
			buildPhases = (
				361B633E160898BC00D6A88D /* Sources */,
				361B633F160898BC00D6A88D /* Frameworks */,
				361B6340160898BC00D6A88D /* Resources */,
			);
			buildRules = (
			);
			dependencies = (
			);
			name = worldHackBacerlona;
			productName = worldHackBacerlona;
			productReference = 361B6342160898BC00D6A88D /* worldHackBacerlona.app */;
			productType = "com.apple.product-type.application";
		};
/* End PBXNativeTarget section */

/* Begin PBXProject section */
		361B6339160898BC00D6A88D /* Project object */ = {
			isa = PBXProject;
			attributes = {
				LastUpgradeCheck = 0440;
				ORGANIZATIONNAME = Bastarbuks;
			};
			buildConfigurationList = 361B633C160898BC00D6A88D /* Build configuration list for PBXProject "worldHackBacerlona" */;
			compatibilityVersion = "Xcode 3.2";
			developmentRegion = English;
			hasScannedForEncodings = 0;
			knownRegions = (
				en,
			);
			mainGroup = 361B6337160898BC00D6A88D;
			productRefGroup = 361B6343160898BC00D6A88D /* Products */;
			projectDirPath = "";
			projectReferences = (
				{
					ProductGroup = CD8995811608A4B10024C6A9 /* Products */;
					ProjectRef = CD8995801608A4B10024C6A9 /* facebook-ios-sdk.xcodeproj */;
				},
			);
			projectRoot = "";
			targets = (
				361B6341160898BC00D6A88D /* worldHackBacerlona */,
			);
		};
/* End PBXProject section */

/* Begin PBXReferenceProxy section */
		CD8995981608A4B10024C6A9 /* libfacebook_ios_sdk.a */ = {
			isa = PBXReferenceProxy;
			fileType = archive.ar;
			path = libfacebook_ios_sdk.a;
			remoteRef = CD8995971608A4B10024C6A9 /* PBXContainerItemProxy */;
			sourceTree = BUILT_PRODUCTS_DIR;
		};
/* End PBXReferenceProxy section */

/* Begin PBXResourcesBuildPhase section */
		361B6340160898BC00D6A88D /* Resources */ = {
			isa = PBXResourcesBuildPhase;
			buildActionMask = 2147483647;
			files = (
				361B6353160898BC00D6A88D /* InfoPlist.strings in Resources */,
				361B636916089F3E00D6A88D /* LoginVC.xib in Resources */,
				361B636E16089F6E00D6A88D /* GameVC.xib in Resources */,
				361B637316089F7E00D6A88D /* ResultVC.xib in Resources */,
				CD89957D1608A1B00024C6A9 /* WelcomeViewController.xib in Resources */,
				CD8995921608A4B10024C6A9 /* FBDialog.bundle in Resources */,
				CD8995D61608B8D50024C6A9 /* QuestionCell.xib in Resources */,
			);
			runOnlyForDeploymentPostprocessing = 0;
		};
/* End PBXResourcesBuildPhase section */

/* Begin PBXSourcesBuildPhase section */
		361B633E160898BC00D6A88D /* Sources */ = {
			isa = PBXSourcesBuildPhase;
			buildActionMask = 2147483647;
			files = (
				361B6355160898BC00D6A88D /* main.m in Sources */,
				361B6359160898BC00D6A88D /* AppDelegate.m in Sources */,
				361B635C160898BC00D6A88D /* worldHackBacerlona.xcdatamodeld in Sources */,
				361B636816089F3E00D6A88D /* LoginVC.m in Sources */,
				361B636D16089F6E00D6A88D /* GameVC.m in Sources */,
				361B637216089F7E00D6A88D /* ResultVC.m in Sources */,
				361B637616089FB900D6A88D /* GameService.m in Sources */,
				CD89957C1608A1B00024C6A9 /* WelcomeViewController.m in Sources */,
				CD8995911608A4B10024C6A9 /* Facebook.m in Sources */,
				CD8995931608A4B10024C6A9 /* FBDialog.m in Sources */,
				CD8995941608A4B10024C6A9 /* FBLoginDialog.m in Sources */,
				CD8995951608A4B10024C6A9 /* FBRequest.m in Sources */,
				CD8995AA1608A5290024C6A9 /* MBProgressHUD.m in Sources */,
				CD8995AB1608A5290024C6A9 /* NSObject+SBJSON.m in Sources */,
				CD8995AC1608A5290024C6A9 /* NSString+SBJSON.m in Sources */,
				CD8995AD1608A5290024C6A9 /* SBJSON.m in Sources */,
				CD8995AE1608A5290024C6A9 /* SBJsonBase.m in Sources */,
				CD8995AF1608A5290024C6A9 /* SBJsonParser.m in Sources */,
				CD8995B01608A5290024C6A9 /* SBJsonWriter.m in Sources */,
				360F5CC41608A7F30044F43B /* AFHTTPClient.m in Sources */,
				360F5CC51608A7F30044F43B /* AFHTTPRequestOperation.m in Sources */,
				360F5CC61608A7F30044F43B /* AFImageRequestOperation.m in Sources */,
				360F5CC71608A7F30044F43B /* AFJSONRequestOperation.m in Sources */,
				360F5CC81608A7F30044F43B /* AFJSONUtilities.m in Sources */,
				360F5CC91608A7F30044F43B /* AFNetworkActivityIndicatorManager.m in Sources */,
				360F5CCA1608A7F30044F43B /* AFPropertyListRequestOperation.m in Sources */,
				360F5CCB1608A7F30044F43B /* AFURLConnectionOperation.m in Sources */,
				360F5CCC1608A7F30044F43B /* AFXMLRequestOperation.m in Sources */,
				360F5CCD1608A7F30044F43B /* UIImageView+AFNetworking.m in Sources */,
				360F5D181608AF500044F43B /* QuestionEntity.m in Sources */,
				360F5D1B1608AF5E0044F43B /* AnswerEntity.m in Sources */,
				360F5D321608B7F70044F43B /* SongInfoEntity.m in Sources */,
				CD8995D41608B8BE0024C6A9 /* QuestionCell.m in Sources */,
				362A00D91608C7E00004F9AC /* JSONKit.m in Sources */,
			);
			runOnlyForDeploymentPostprocessing = 0;
		};
/* End PBXSourcesBuildPhase section */

/* Begin PBXVariantGroup section */
		361B6351160898BC00D6A88D /* InfoPlist.strings */ = {
			isa = PBXVariantGroup;
			children = (
				361B6352160898BC00D6A88D /* en */,
			);
			name = InfoPlist.strings;
			sourceTree = "<group>";
		};
/* End PBXVariantGroup section */

/* Begin XCBuildConfiguration section */
		361B635D160898BC00D6A88D /* Debug */ = {
			isa = XCBuildConfiguration;
			buildSettings = {
				ALWAYS_SEARCH_USER_PATHS = NO;
				ARCHS = "$(ARCHS_STANDARD_32_BIT)";
				CLANG_CXX_LANGUAGE_STANDARD = "gnu++0x";
				CLANG_WARN__DUPLICATE_METHOD_MATCH = YES;
				"CODE_SIGN_IDENTITY[sdk=iphoneos*]" = "iPhone Developer";
				COPY_PHASE_STRIP = NO;
				GCC_C_LANGUAGE_STANDARD = gnu99;
				GCC_DYNAMIC_NO_PIC = NO;
				GCC_OPTIMIZATION_LEVEL = 0;
				GCC_PREPROCESSOR_DEFINITIONS = (
					"DEBUG=1",
					"$(inherited)",
				);
				GCC_SYMBOLS_PRIVATE_EXTERN = NO;
				GCC_VERSION = com.apple.compilers.llvm.clang.1_0;
				GCC_WARN_ABOUT_RETURN_TYPE = YES;
				GCC_WARN_UNINITIALIZED_AUTOS = YES;
				GCC_WARN_UNUSED_VARIABLE = YES;
				IPHONEOS_DEPLOYMENT_TARGET = 5.1;
				SDKROOT = iphoneos;
			};
			name = Debug;
		};
		361B635E160898BC00D6A88D /* Release */ = {
			isa = XCBuildConfiguration;
			buildSettings = {
				ALWAYS_SEARCH_USER_PATHS = NO;
				ARCHS = "$(ARCHS_STANDARD_32_BIT)";
				CLANG_CXX_LANGUAGE_STANDARD = "gnu++0x";
				CLANG_WARN__DUPLICATE_METHOD_MATCH = YES;
				"CODE_SIGN_IDENTITY[sdk=iphoneos*]" = "iPhone Developer";
				COPY_PHASE_STRIP = YES;
				GCC_C_LANGUAGE_STANDARD = gnu99;
				GCC_VERSION = com.apple.compilers.llvm.clang.1_0;
				GCC_WARN_ABOUT_RETURN_TYPE = YES;
				GCC_WARN_UNINITIALIZED_AUTOS = YES;
				GCC_WARN_UNUSED_VARIABLE = YES;
				IPHONEOS_DEPLOYMENT_TARGET = 5.1;
				OTHER_CFLAGS = "-DNS_BLOCK_ASSERTIONS=1";
				SDKROOT = iphoneos;
				VALIDATE_PRODUCT = YES;
			};
			name = Release;
		};
		361B6360160898BC00D6A88D /* Debug */ = {
			isa = XCBuildConfiguration;
			buildSettings = {
				GCC_PRECOMPILE_PREFIX_HEADER = YES;
				GCC_PREFIX_HEADER = "worldHackBacerlona/worldHackBacerlona-Prefix.pch";
				INFOPLIST_FILE = "worldHackBacerlona/worldHackBacerlona-Info.plist";
				LIBRARY_SEARCH_PATHS = (
					"$(inherited)",
					"\"$(SRCROOT)/worldHackBacerlona/Classes/BLL/Libs/deezer-ios-sdk-0.7.1/deezer-ios-0.7.1\"",
					"\"$(SRCROOT)/worldHackBacerlona/Classes/BLL/Libs/deezer-ios-sdk-0.7.1/sample/DeezerSample/DeezerSample/LibDeezer\"",
				);
				PRODUCT_NAME = "$(TARGET_NAME)";
				WRAPPER_EXTENSION = app;
			};
			name = Debug;
		};
		361B6361160898BC00D6A88D /* Release */ = {
			isa = XCBuildConfiguration;
			buildSettings = {
				GCC_PRECOMPILE_PREFIX_HEADER = YES;
				GCC_PREFIX_HEADER = "worldHackBacerlona/worldHackBacerlona-Prefix.pch";
				INFOPLIST_FILE = "worldHackBacerlona/worldHackBacerlona-Info.plist";
				LIBRARY_SEARCH_PATHS = (
					"$(inherited)",
					"\"$(SRCROOT)/worldHackBacerlona/Classes/BLL/Libs/deezer-ios-sdk-0.7.1/deezer-ios-0.7.1\"",
					"\"$(SRCROOT)/worldHackBacerlona/Classes/BLL/Libs/deezer-ios-sdk-0.7.1/sample/DeezerSample/DeezerSample/LibDeezer\"",
				);
				PRODUCT_NAME = "$(TARGET_NAME)";
				WRAPPER_EXTENSION = app;
			};
			name = Release;
		};
/* End XCBuildConfiguration section */

/* Begin XCConfigurationList section */
		361B633C160898BC00D6A88D /* Build configuration list for PBXProject "worldHackBacerlona" */ = {
			isa = XCConfigurationList;
			buildConfigurations = (
				361B635D160898BC00D6A88D /* Debug */,
				361B635E160898BC00D6A88D /* Release */,
			);
			defaultConfigurationIsVisible = 0;
			defaultConfigurationName = Release;
		};
		361B635F160898BC00D6A88D /* Build configuration list for PBXNativeTarget "worldHackBacerlona" */ = {
			isa = XCConfigurationList;
			buildConfigurations = (
				361B6360160898BC00D6A88D /* Debug */,
				361B6361160898BC00D6A88D /* Release */,
			);
			defaultConfigurationIsVisible = 0;
			defaultConfigurationName = Release;
		};
/* End XCConfigurationList section */

/* Begin XCVersionGroup section */
		361B635A160898BC00D6A88D /* worldHackBacerlona.xcdatamodeld */ = {
			isa = XCVersionGroup;
			children = (
				361B635B160898BC00D6A88D /* worldHackBacerlona.xcdatamodel */,
			);
			currentVersion = 361B635B160898BC00D6A88D /* worldHackBacerlona.xcdatamodel */;
			path = worldHackBacerlona.xcdatamodeld;
			sourceTree = "<group>";
			versionGroupType = wrapper.xcdatamodel;
		};
/* End XCVersionGroup section */
	};
	rootObject = 361B6339160898BC00D6A88D /* Project object */;
}
