// !$*UTF8*$!
{
	archiveVersion = 1;
	classes = {
	};
	objectVersion = 46;
	objects = {

/* Begin PBXBuildFile section */
		361B6347160898BC00D6A88D /* UIKit.framework in Frameworks */ = {isa = PBXBuildFile; fileRef = 361B6346160898BC00D6A88D /* UIKit.framework */; };
		361B6349160898BC00D6A88D /* Foundation.framework in Frameworks */ = {isa = PBXBuildFile; fileRef = 361B6348160898BC00D6A88D /* Foundation.framework */; };
		361B634B160898BC00D6A88D /* CoreGraphics.framework in Frameworks */ = {isa = PBXBuildFile; fileRef = 361B634A160898BC00D6A88D /* CoreGraphics.framework */; };
		361B634D160898BC00D6A88D /* CoreData.framework in Frameworks */ = {isa = PBXBuildFile; fileRef = 361B634C160898BC00D6A88D /* CoreData.framework */; };
		361B6353160898BC00D6A88D /* InfoPlist.strings in Resources */ = {isa = PBXBuildFile; fileRef = 361B6351160898BC00D6A88D /* InfoPlist.strings */; };
		361B6355160898BC00D6A88D /* main.m in Sources */ = {isa = PBXBuildFile; fileRef = 361B6354160898BC00D6A88D /* main.m */; };
		361B6359160898BC00D6A88D /* AppDelegate.m in Sources */ = {isa = PBXBuildFile; fileRef = 361B6358160898BC00D6A88D /* AppDelegate.m */; };
		361B635C160898BC00D6A88D /* worldHackBacerlona.xcdatamodeld in Sources */ = {isa = PBXBuildFile; fileRef = 361B635A160898BC00D6A88D /* worldHackBacerlona.xcdatamodeld */; };
		361B636816089F3E00D6A88D /* LoginVC.m in Sources */ = {isa = PBXBuildFile; fileRef = 361B636616089F3E00D6A88D /* LoginVC.m */; };
		361B636916089F3E00D6A88D /* LoginVC.xib in Resources */ = {isa = PBXBuildFile; fileRef = 361B636716089F3E00D6A88D /* LoginVC.xib */; };
		361B636D16089F6E00D6A88D /* GameVC.m in Sources */ = {isa = PBXBuildFile; fileRef = 361B636B16089F6E00D6A88D /* GameVC.m */; };
		361B636E16089F6E00D6A88D /* GameVC.xib in Resources */ = {isa = PBXBuildFile; fileRef = 361B636C16089F6E00D6A88D /* GameVC.xib */; };
		361B637216089F7E00D6A88D /* ResultVC.m in Sources */ = {isa = PBXBuildFile; fileRef = 361B637016089F7E00D6A88D /* ResultVC.m */; };
		361B637316089F7E00D6A88D /* ResultVC.xib in Resources */ = {isa = PBXBuildFile; fileRef = 361B637116089F7E00D6A88D /* ResultVC.xib */; };
		361B637616089FB900D6A88D /* GameService.m in Sources */ = {isa = PBXBuildFile; fileRef = 361B637516089FB900D6A88D /* GameService.m */; };
/* End PBXBuildFile section */

/* Begin PBXFileReference section */
		361B6342160898BC00D6A88D /* worldHackBacerlona.app */ = {isa = PBXFileReference; explicitFileType = wrapper.application; includeInIndex = 0; path = worldHackBacerlona.app; sourceTree = BUILT_PRODUCTS_DIR; };
		361B6346160898BC00D6A88D /* UIKit.framework */ = {isa = PBXFileReference; lastKnownFileType = wrapper.framework; name = UIKit.framework; path = System/Library/Frameworks/UIKit.framework; sourceTree = SDKROOT; };
		361B6348160898BC00D6A88D /* Foundation.framework */ = {isa = PBXFileReference; lastKnownFileType = wrapper.framework; name = Foundation.framework; path = System/Library/Frameworks/Foundation.framework; sourceTree = SDKROOT; };
		361B634A160898BC00D6A88D /* CoreGraphics.framework */ = {isa = PBXFileReference; lastKnownFileType = wrapper.framework; name = CoreGraphics.framework; path = System/Library/Frameworks/CoreGraphics.framework; sourceTree = SDKROOT; };
		361B634C160898BC00D6A88D /* CoreData.framework */ = {isa = PBXFileReference; lastKnownFileType = wrapper.framework; name = CoreData.framework; path = System/Library/Frameworks/CoreData.framework; sourceTree = SDKROOT; };
		361B6350160898BC00D6A88D /* worldHackBacerlona-Info.plist */ = {isa = PBXFileReference; lastKnownFileType = text.plist.xml; path = "worldHackBacerlona-Info.plist"; sourceTree = "<group>"; };
		361B6352160898BC00D6A88D /* en */ = {isa = PBXFileReference; lastKnownFileType = text.plist.strings; name = en; path = en.lproj/InfoPlist.strings; sourceTree = "<group>"; };
		361B6354160898BC00D6A88D /* main.m */ = {isa = PBXFileReference; lastKnownFileType = sourcecode.c.objc; path = main.m; sourceTree = "<group>"; };
		361B6356160898BC00D6A88D /* worldHackBacerlona-Prefix.pch */ = {isa = PBXFileReference; lastKnownFileType = sourcecode.c.h; path = "worldHackBacerlona-Prefix.pch"; sourceTree = "<group>"; };
		361B6357160898BC00D6A88D /* AppDelegate.h */ = {isa = PBXFileReference; lastKnownFileType = sourcecode.c.h; path = AppDelegate.h; sourceTree = "<group>"; };
		361B6358160898BC00D6A88D /* AppDelegate.m */ = {isa = PBXFileReference; lastKnownFileType = sourcecode.c.objc; path = AppDelegate.m; sourceTree = "<group>"; };
		361B635B160898BC00D6A88D /* worldHackBacerlona.xcdatamodel */ = {isa = PBXFileReference; lastKnownFileType = wrapper.xcdatamodel; path = worldHackBacerlona.xcdatamodel; sourceTree = "<group>"; };
		361B636516089F3E00D6A88D /* LoginVC.h */ = {isa = PBXFileReference; fileEncoding = 4; lastKnownFileType = sourcecode.c.h; name = LoginVC.h; path = Classes/UI/LoginVC.h; sourceTree = "<group>"; };
		361B636616089F3E00D6A88D /* LoginVC.m */ = {isa = PBXFileReference; fileEncoding = 4; lastKnownFileType = sourcecode.c.objc; name = LoginVC.m; path = Classes/UI/LoginVC.m; sourceTree = "<group>"; };
		361B636716089F3E00D6A88D /* LoginVC.xib */ = {isa = PBXFileReference; fileEncoding = 4; lastKnownFileType = file.xib; name = LoginVC.xib; path = Classes/UI/LoginVC.xib; sourceTree = "<group>"; };
		361B636A16089F6E00D6A88D /* GameVC.h */ = {isa = PBXFileReference; fileEncoding = 4; lastKnownFileType = sourcecode.c.h; name = GameVC.h; path = Classes/UI/GameVC.h; sourceTree = "<group>"; };
		361B636B16089F6E00D6A88D /* GameVC.m */ = {isa = PBXFileReference; fileEncoding = 4; lastKnownFileType = sourcecode.c.objc; name = GameVC.m; path = Classes/UI/GameVC.m; sourceTree = "<group>"; };
		361B636C16089F6E00D6A88D /* GameVC.xib */ = {isa = PBXFileReference; fileEncoding = 4; lastKnownFileType = file.xib; name = GameVC.xib; path = Classes/UI/GameVC.xib; sourceTree = "<group>"; };
		361B636F16089F7E00D6A88D /* ResultVC.h */ = {isa = PBXFileReference; fileEncoding = 4; lastKnownFileType = sourcecode.c.h; name = ResultVC.h; path = Classes/UI/ResultVC.h; sourceTree = "<group>"; };
		361B637016089F7E00D6A88D /* ResultVC.m */ = {isa = PBXFileReference; fileEncoding = 4; lastKnownFileType = sourcecode.c.objc; name = ResultVC.m; path = Classes/UI/ResultVC.m; sourceTree = "<group>"; };
		361B637116089F7E00D6A88D /* ResultVC.xib */ = {isa = PBXFileReference; fileEncoding = 4; lastKnownFileType = file.xib; name = ResultVC.xib; path = Classes/UI/ResultVC.xib; sourceTree = "<group>"; };
		361B637416089FB900D6A88D /* GameService.h */ = {isa = PBXFileReference; fileEncoding = 4; lastKnownFileType = sourcecode.c.h; name = GameService.h; path = Classes/BLL/GameService.h; sourceTree = "<group>"; };
		361B637516089FB900D6A88D /* GameService.m */ = {isa = PBXFileReference; fileEncoding = 4; lastKnownFileType = sourcecode.c.objc; name = GameService.m; path = Classes/BLL/GameService.m; sourceTree = "<group>"; };
/* End PBXFileReference section */

/* Begin PBXFrameworksBuildPhase section */
		361B633F160898BC00D6A88D /* Frameworks */ = {
			isa = PBXFrameworksBuildPhase;
			buildActionMask = 2147483647;
			files = (
				361B6347160898BC00D6A88D /* UIKit.framework in Frameworks */,
				361B6349160898BC00D6A88D /* Foundation.framework in Frameworks */,
				361B634B160898BC00D6A88D /* CoreGraphics.framework in Frameworks */,
				361B634D160898BC00D6A88D /* CoreData.framework in Frameworks */,
			);
			runOnlyForDeploymentPostprocessing = 0;
		};
/* End PBXFrameworksBuildPhase section */

/* Begin PBXGroup section */
		361B6337160898BC00D6A88D = {
			isa = PBXGroup;
			children = (
				361B634E160898BC00D6A88D /* worldHackBacerlona */,
				361B6345160898BC00D6A88D /* Frameworks */,
				361B6343160898BC00D6A88D /* Products */,
			);
			sourceTree = "<group>";
		};
		361B6343160898BC00D6A88D /* Products */ = {
			isa = PBXGroup;
			children = (
				361B6342160898BC00D6A88D /* worldHackBacerlona.app */,
			);
			name = Products;
			sourceTree = "<group>";
		};
		361B6345160898BC00D6A88D /* Frameworks */ = {
			isa = PBXGroup;
			children = (
				361B6346160898BC00D6A88D /* UIKit.framework */,
				361B6348160898BC00D6A88D /* Foundation.framework */,
				361B634A160898BC00D6A88D /* CoreGraphics.framework */,
				361B634C160898BC00D6A88D /* CoreData.framework */,
			);
			name = Frameworks;
			sourceTree = "<group>";
		};
		361B634E160898BC00D6A88D /* worldHackBacerlona */ = {
			isa = PBXGroup;
			children = (
				361B636216089F0300D6A88D /* Classes */,
				361B6357160898BC00D6A88D /* AppDelegate.h */,
				361B6358160898BC00D6A88D /* AppDelegate.m */,
				361B635A160898BC00D6A88D /* worldHackBacerlona.xcdatamodeld */,
				361B634F160898BC00D6A88D /* Supporting Files */,
			);
			path = worldHackBacerlona;
			sourceTree = "<group>";
		};
		361B634F160898BC00D6A88D /* Supporting Files */ = {
			isa = PBXGroup;
			children = (
				361B6350160898BC00D6A88D /* worldHackBacerlona-Info.plist */,
				361B6351160898BC00D6A88D /* InfoPlist.strings */,
				361B6354160898BC00D6A88D /* main.m */,
				361B6356160898BC00D6A88D /* worldHackBacerlona-Prefix.pch */,
			);
			name = "Supporting Files";
			sourceTree = "<group>";
		};
		361B636216089F0300D6A88D /* Classes */ = {
			isa = PBXGroup;
			children = (
				361B636316089F0900D6A88D /* UI */,
				361B636416089F1600D6A88D /* BLL */,
			);
			name = Classes;
			sourceTree = "<group>";
		};
		361B636316089F0900D6A88D /* UI */ = {
			isa = PBXGroup;
			children = (
				361B636516089F3E00D6A88D /* LoginVC.h */,
				361B636616089F3E00D6A88D /* LoginVC.m */,
				361B636716089F3E00D6A88D /* LoginVC.xib */,
				361B636A16089F6E00D6A88D /* GameVC.h */,
				361B636B16089F6E00D6A88D /* GameVC.m */,
				361B636C16089F6E00D6A88D /* GameVC.xib */,
				361B636F16089F7E00D6A88D /* ResultVC.h */,
				361B637016089F7E00D6A88D /* ResultVC.m */,
				361B637116089F7E00D6A88D /* ResultVC.xib */,
			);
			name = UI;
			sourceTree = "<group>";
		};
		361B636416089F1600D6A88D /* BLL */ = {
			isa = PBXGroup;
			children = (
				361B637416089FB900D6A88D /* GameService.h */,
				361B637516089FB900D6A88D /* GameService.m */,
			);
			name = BLL;
			sourceTree = "<group>";
		};
/* End PBXGroup section */

/* Begin PBXNativeTarget section */
		361B6341160898BC00D6A88D /* worldHackBacerlona */ = {
			isa = PBXNativeTarget;
			buildConfigurationList = 361B635F160898BC00D6A88D /* Build configuration list for PBXNativeTarget "worldHackBacerlona" */;
			buildPhases = (
				361B633E160898BC00D6A88D /* Sources */,
				361B633F160898BC00D6A88D /* Frameworks */,
				361B6340160898BC00D6A88D /* Resources */,
			);
			buildRules = (
			);
			dependencies = (
			);
			name = worldHackBacerlona;
			productName = worldHackBacerlona;
			productReference = 361B6342160898BC00D6A88D /* worldHackBacerlona.app */;
			productType = "com.apple.product-type.application";
		};
/* End PBXNativeTarget section */

/* Begin PBXProject section */
		361B6339160898BC00D6A88D /* Project object */ = {
			isa = PBXProject;
			attributes = {
				LastUpgradeCheck = 0440;
				ORGANIZATIONNAME = Bastarbuks;
			};
			buildConfigurationList = 361B633C160898BC00D6A88D /* Build configuration list for PBXProject "worldHackBacerlona" */;
			compatibilityVersion = "Xcode 3.2";
			developmentRegion = English;
			hasScannedForEncodings = 0;
			knownRegions = (
				en,
			);
			mainGroup = 361B6337160898BC00D6A88D;
			productRefGroup = 361B6343160898BC00D6A88D /* Products */;
			projectDirPath = "";
			projectRoot = "";
			targets = (
				361B6341160898BC00D6A88D /* worldHackBacerlona */,
			);
		};
/* End PBXProject section */

/* Begin PBXResourcesBuildPhase section */
		361B6340160898BC00D6A88D /* Resources */ = {
			isa = PBXResourcesBuildPhase;
			buildActionMask = 2147483647;
			files = (
				361B6353160898BC00D6A88D /* InfoPlist.strings in Resources */,
				361B636916089F3E00D6A88D /* LoginVC.xib in Resources */,
				361B636E16089F6E00D6A88D /* GameVC.xib in Resources */,
				361B637316089F7E00D6A88D /* ResultVC.xib in Resources */,
			);
			runOnlyForDeploymentPostprocessing = 0;
		};
/* End PBXResourcesBuildPhase section */

/* Begin PBXSourcesBuildPhase section */
		361B633E160898BC00D6A88D /* Sources */ = {
			isa = PBXSourcesBuildPhase;
			buildActionMask = 2147483647;
			files = (
				361B6355160898BC00D6A88D /* main.m in Sources */,
				361B6359160898BC00D6A88D /* AppDelegate.m in Sources */,
				361B635C160898BC00D6A88D /* worldHackBacerlona.xcdatamodeld in Sources */,
				361B636816089F3E00D6A88D /* LoginVC.m in Sources */,
				361B636D16089F6E00D6A88D /* GameVC.m in Sources */,
				361B637216089F7E00D6A88D /* ResultVC.m in Sources */,
				361B637616089FB900D6A88D /* GameService.m in Sources */,
			);
			runOnlyForDeploymentPostprocessing = 0;
		};
/* End PBXSourcesBuildPhase section */

/* Begin PBXVariantGroup section */
		361B6351160898BC00D6A88D /* InfoPlist.strings */ = {
			isa = PBXVariantGroup;
			children = (
				361B6352160898BC00D6A88D /* en */,
			);
			name = InfoPlist.strings;
			sourceTree = "<group>";
		};
/* End PBXVariantGroup section */

/* Begin XCBuildConfiguration section */
		361B635D160898BC00D6A88D /* Debug */ = {
			isa = XCBuildConfiguration;
			buildSettings = {
				ALWAYS_SEARCH_USER_PATHS = NO;
				ARCHS = "$(ARCHS_STANDARD_32_BIT)";
				CLANG_CXX_LANGUAGE_STANDARD = "gnu++0x";
				CLANG_WARN__DUPLICATE_METHOD_MATCH = YES;
				"CODE_SIGN_IDENTITY[sdk=iphoneos*]" = "iPhone Developer";
				COPY_PHASE_STRIP = NO;
				GCC_C_LANGUAGE_STANDARD = gnu99;
				GCC_DYNAMIC_NO_PIC = NO;
				GCC_OPTIMIZATION_LEVEL = 0;
				GCC_PREPROCESSOR_DEFINITIONS = (
					"DEBUG=1",
					"$(inherited)",
				);
				GCC_SYMBOLS_PRIVATE_EXTERN = NO;
				GCC_VERSION = com.apple.compilers.llvm.clang.1_0;
				GCC_WARN_ABOUT_RETURN_TYPE = YES;
				GCC_WARN_UNINITIALIZED_AUTOS = YES;
				GCC_WARN_UNUSED_VARIABLE = YES;
				IPHONEOS_DEPLOYMENT_TARGET = 5.1;
				SDKROOT = iphoneos;
			};
			name = Debug;
		};
		361B635E160898BC00D6A88D /* Release */ = {
			isa = XCBuildConfiguration;
			buildSettings = {
				ALWAYS_SEARCH_USER_PATHS = NO;
				ARCHS = "$(ARCHS_STANDARD_32_BIT)";
				CLANG_CXX_LANGUAGE_STANDARD = "gnu++0x";
				CLANG_WARN__DUPLICATE_METHOD_MATCH = YES;
				"CODE_SIGN_IDENTITY[sdk=iphoneos*]" = "iPhone Developer";
				COPY_PHASE_STRIP = YES;
				GCC_C_LANGUAGE_STANDARD = gnu99;
				GCC_VERSION = com.apple.compilers.llvm.clang.1_0;
				GCC_WARN_ABOUT_RETURN_TYPE = YES;
				GCC_WARN_UNINITIALIZED_AUTOS = YES;
				GCC_WARN_UNUSED_VARIABLE = YES;
				IPHONEOS_DEPLOYMENT_TARGET = 5.1;
				OTHER_CFLAGS = "-DNS_BLOCK_ASSERTIONS=1";
				SDKROOT = iphoneos;
				VALIDATE_PRODUCT = YES;
			};
			name = Release;
		};
		361B6360160898BC00D6A88D /* Debug */ = {
			isa = XCBuildConfiguration;
			buildSettings = {
				GCC_PRECOMPILE_PREFIX_HEADER = YES;
				GCC_PREFIX_HEADER = "worldHackBacerlona/worldHackBacerlona-Prefix.pch";
				INFOPLIST_FILE = "worldHackBacerlona/worldHackBacerlona-Info.plist";
				PRODUCT_NAME = "$(TARGET_NAME)";
				WRAPPER_EXTENSION = app;
			};
			name = Debug;
		};
		361B6361160898BC00D6A88D /* Release */ = {
			isa = XCBuildConfiguration;
			buildSettings = {
				GCC_PRECOMPILE_PREFIX_HEADER = YES;
				GCC_PREFIX_HEADER = "worldHackBacerlona/worldHackBacerlona-Prefix.pch";
				INFOPLIST_FILE = "worldHackBacerlona/worldHackBacerlona-Info.plist";
				PRODUCT_NAME = "$(TARGET_NAME)";
				WRAPPER_EXTENSION = app;
			};
			name = Release;
		};
/* End XCBuildConfiguration section */

/* Begin XCConfigurationList section */
		361B633C160898BC00D6A88D /* Build configuration list for PBXProject "worldHackBacerlona" */ = {
			isa = XCConfigurationList;
			buildConfigurations = (
				361B635D160898BC00D6A88D /* Debug */,
				361B635E160898BC00D6A88D /* Release */,
			);
			defaultConfigurationIsVisible = 0;
			defaultConfigurationName = Release;
		};
		361B635F160898BC00D6A88D /* Build configuration list for PBXNativeTarget "worldHackBacerlona" */ = {
			isa = XCConfigurationList;
			buildConfigurations = (
				361B6360160898BC00D6A88D /* Debug */,
				361B6361160898BC00D6A88D /* Release */,
			);
			defaultConfigurationIsVisible = 0;
		};
/* End XCConfigurationList section */

/* Begin XCVersionGroup section */
		361B635A160898BC00D6A88D /* worldHackBacerlona.xcdatamodeld */ = {
			isa = XCVersionGroup;
			children = (
				361B635B160898BC00D6A88D /* worldHackBacerlona.xcdatamodel */,
			);
			currentVersion = 361B635B160898BC00D6A88D /* worldHackBacerlona.xcdatamodel */;
			path = worldHackBacerlona.xcdatamodeld;
			sourceTree = "<group>";
			versionGroupType = wrapper.xcdatamodel;
		};
/* End XCVersionGroup section */
	};
	rootObject = 361B6339160898BC00D6A88D /* Project object */;
}
